// !$*UTF8*$!
{
	archiveVersion = 1;
	classes = {
	};
	objectVersion = 55;
	objects = {

/* Begin PBXBuildFile section */
		AD41C76927B4BB8F00051F91 /* Category.swift in Sources */ = {isa = PBXBuildFile; fileRef = AD41C76827B4BB8F00051F91 /* Category.swift */; };
		AD41C76B27B4BBB900051F91 /* Response.swift in Sources */ = {isa = PBXBuildFile; fileRef = AD41C76A27B4BBB900051F91 /* Response.swift */; };
		AD41C76E27B4BCB800051F91 /* CategoryService.swift in Sources */ = {isa = PBXBuildFile; fileRef = AD41C76D27B4BCB800051F91 /* CategoryService.swift */; };
		AD41C77227B4C20E00051F91 /* Typealias.swift in Sources */ = {isa = PBXBuildFile; fileRef = AD41C77127B4C20E00051F91 /* Typealias.swift */; };
		AD41C77527B4C2F800051F91 /* DataRequestExtension.swift in Sources */ = {isa = PBXBuildFile; fileRef = AD41C77427B4C2F800051F91 /* DataRequestExtension.swift */; };
		AD4FEF7E27BE75B600DF84C4 /* ArticleDetail.swift in Sources */ = {isa = PBXBuildFile; fileRef = AD4FEF7D27BE75B600DF84C4 /* ArticleDetail.swift */; };
		AD4FEF8027BE75CF00DF84C4 /* WebView.swift in Sources */ = {isa = PBXBuildFile; fileRef = AD4FEF7F27BE75CF00DF84C4 /* WebView.swift */; };
		AD7ABA7027B5432B00C49EED /* Alamofire in Frameworks */ = {isa = PBXBuildFile; productRef = AD7ABA6F27B5432B00C49EED /* Alamofire */; };
		AD7B76B327AE205B0016FA9E /* NewsApp.swift in Sources */ = {isa = PBXBuildFile; fileRef = AD7B76B227AE205B0016FA9E /* NewsApp.swift */; };
		AD7B76B527AE205B0016FA9E /* MainView.swift in Sources */ = {isa = PBXBuildFile; fileRef = AD7B76B427AE205B0016FA9E /* MainView.swift */; };
		AD7B76B727AE205D0016FA9E /* Assets.xcassets in Resources */ = {isa = PBXBuildFile; fileRef = AD7B76B627AE205D0016FA9E /* Assets.xcassets */; };
		AD7B76BA27AE205D0016FA9E /* Preview Assets.xcassets in Resources */ = {isa = PBXBuildFile; fileRef = AD7B76B927AE205D0016FA9E /* Preview Assets.xcassets */; };
		AD7B76C427AE205D0016FA9E /* NewsAppTests.swift in Sources */ = {isa = PBXBuildFile; fileRef = AD7B76C327AE205D0016FA9E /* NewsAppTests.swift */; };
		AD7B76CE27AE205D0016FA9E /* NewsAppUITests.swift in Sources */ = {isa = PBXBuildFile; fileRef = AD7B76CD27AE205D0016FA9E /* NewsAppUITests.swift */; };
		AD7B76D027AE205D0016FA9E /* NewsAppUITestsLaunchTests.swift in Sources */ = {isa = PBXBuildFile; fileRef = AD7B76CF27AE205D0016FA9E /* NewsAppUITestsLaunchTests.swift */; };
		AD7B76DF27AE20C90016FA9E /* StudyPage.swift in Sources */ = {isa = PBXBuildFile; fileRef = AD7B76DE27AE20C90016FA9E /* StudyPage.swift */; };
		AD7B76E127AE20E60016FA9E /* TaskPage.swift in Sources */ = {isa = PBXBuildFile; fileRef = AD7B76E027AE20E60016FA9E /* TaskPage.swift */; };
		AD7B76E327AE20F40016FA9E /* ProfilePage.swift in Sources */ = {isa = PBXBuildFile; fileRef = AD7B76E227AE20F40016FA9E /* ProfilePage.swift */; };
		AD7B76E627AE43E00016FA9E /* AppBarModifier.swift in Sources */ = {isa = PBXBuildFile; fileRef = AD7B76E527AE43E00016FA9E /* AppBarModifier.swift */; };
		AD7B76E927AE46B30016FA9E /* TabBarView.swift in Sources */ = {isa = PBXBuildFile; fileRef = AD7B76E827AE46B30016FA9E /* TabBarView.swift */; };
		AD7B76EB27AEA7520016FA9E /* CarouselView.swift in Sources */ = {isa = PBXBuildFile; fileRef = AD7B76EA27AEA7520016FA9E /* CarouselView.swift */; };
		AD7B76EF27AFAC0B0016FA9E /* Swiper.swift in Sources */ = {isa = PBXBuildFile; fileRef = AD7B76EE27AFAC0B0016FA9E /* Swiper.swift */; };
		AD7B76F127AFAC2E0016FA9E /* SwiperControl.swift in Sources */ = {isa = PBXBuildFile; fileRef = AD7B76F027AFAC2E0016FA9E /* SwiperControl.swift */; };
		AD7B76F327AFAC510016FA9E /* SwiperView.swift in Sources */ = {isa = PBXBuildFile; fileRef = AD7B76F227AFAC510016FA9E /* SwiperView.swift */; };
		AD7B76F527AFB3720016FA9E /* ArticleListView.swift in Sources */ = {isa = PBXBuildFile; fileRef = AD7B76F427AFB3720016FA9E /* ArticleListView.swift */; };
		AD7B76F927AFB44B0016FA9E /* Article.swift in Sources */ = {isa = PBXBuildFile; fileRef = AD7B76F827AFB44B0016FA9E /* Article.swift */; };
		AD7B76FB27AFBA2B0016FA9E /* VideoListView.swift in Sources */ = {isa = PBXBuildFile; fileRef = AD7B76FA27AFBA2B0016FA9E /* VideoListView.swift */; };
		AD7B76FD27AFBD6E0016FA9E /* VideoModel.swift in Sources */ = {isa = PBXBuildFile; fileRef = AD7B76FC27AFBD6E0016FA9E /* VideoModel.swift */; };
		AD7B76FF27B20DE80016FA9E /* AsyncImage.swift in Sources */ = {isa = PBXBuildFile; fileRef = AD7B76FE27B20DE80016FA9E /* AsyncImage.swift */; };
		AD7B770227B254280016FA9E /* OverView.swift in Sources */ = {isa = PBXBuildFile; fileRef = AD7B770127B254280016FA9E /* OverView.swift */; };
		AD7B770527B2B1A90016FA9E /* SizePreferenceKey.swift in Sources */ = {isa = PBXBuildFile; fileRef = AD7B770427B2B1A90016FA9E /* SizePreferenceKey.swift */; };
		AD7B770727B2B2AD0016FA9E /* MeasureSizeModifier.swift in Sources */ = {isa = PBXBuildFile; fileRef = AD7B770627B2B2AD0016FA9E /* MeasureSizeModifier.swift */; };
		AD7B770927B2BABF0016FA9E /* RoundedCorners.swift in Sources */ = {isa = PBXBuildFile; fileRef = AD7B770827B2BABF0016FA9E /* RoundedCorners.swift */; };
		AD7B770B27B3542C0016FA9E /* ChartView.swift in Sources */ = {isa = PBXBuildFile; fileRef = AD7B770A27B3542C0016FA9E /* ChartView.swift */; };
		AD7B770D27B398760016FA9E /* LineChartModifier.swift in Sources */ = {isa = PBXBuildFile; fileRef = AD7B770C27B398750016FA9E /* LineChartModifier.swift */; };
		AD7B770F27B3AC9C0016FA9E /* DailyTaskView.swift in Sources */ = {isa = PBXBuildFile; fileRef = AD7B770E27B3AC9C0016FA9E /* DailyTaskView.swift */; };
		AD7B771127B3B2320016FA9E /* ItemView.swift in Sources */ = {isa = PBXBuildFile; fileRef = AD7B771027B3B2320016FA9E /* ItemView.swift */; };
		AD8ACDDA27B4E529003A9D0A /* CategoryViewModel.swift in Sources */ = {isa = PBXBuildFile; fileRef = AD8ACDD927B4E529003A9D0A /* CategoryViewModel.swift */; };
		ADC9A49027BE8A9300BDA148 /* HiddenNavigationBarModifier.swift in Sources */ = {isa = PBXBuildFile; fileRef = ADC9A48F27BE8A9300BDA148 /* HiddenNavigationBarModifier.swift */; };
		ADDD561727BD2F8E0099F4F2 /* ArticleService.swift in Sources */ = {isa = PBXBuildFile; fileRef = ADDD561627BD2F8E0099F4F2 /* ArticleService.swift */; };
		ADDD561927BD31540099F4F2 /* ArticleViewModel.swift in Sources */ = {isa = PBXBuildFile; fileRef = ADDD561827BD31540099F4F2 /* ArticleViewModel.swift */; };
		ADDD561B27BD3A060099F4F2 /* ArrayExtension.swift in Sources */ = {isa = PBXBuildFile; fileRef = ADDD561A27BD3A060099F4F2 /* ArrayExtension.swift */; };
/* End PBXBuildFile section */

/* Begin PBXContainerItemProxy section */
		AD7B76C027AE205D0016FA9E /* PBXContainerItemProxy */ = {
			isa = PBXContainerItemProxy;
			containerPortal = AD7B76A727AE205B0016FA9E /* Project object */;
			proxyType = 1;
			remoteGlobalIDString = AD7B76AE27AE205B0016FA9E;
			remoteInfo = NewsApp;
		};
		AD7B76CA27AE205D0016FA9E /* PBXContainerItemProxy */ = {
			isa = PBXContainerItemProxy;
			containerPortal = AD7B76A727AE205B0016FA9E /* Project object */;
			proxyType = 1;
			remoteGlobalIDString = AD7B76AE27AE205B0016FA9E;
			remoteInfo = NewsApp;
		};
/* End PBXContainerItemProxy section */

/* Begin PBXFileReference section */
		AD41C76827B4BB8F00051F91 /* Category.swift */ = {isa = PBXFileReference; lastKnownFileType = sourcecode.swift; path = Category.swift; sourceTree = "<group>"; };
		AD41C76A27B4BBB900051F91 /* Response.swift */ = {isa = PBXFileReference; lastKnownFileType = sourcecode.swift; path = Response.swift; sourceTree = "<group>"; };
		AD41C76D27B4BCB800051F91 /* CategoryService.swift */ = {isa = PBXFileReference; lastKnownFileType = sourcecode.swift; path = CategoryService.swift; sourceTree = "<group>"; };
		AD41C77127B4C20E00051F91 /* Typealias.swift */ = {isa = PBXFileReference; lastKnownFileType = sourcecode.swift; path = Typealias.swift; sourceTree = "<group>"; };
		AD41C77427B4C2F800051F91 /* DataRequestExtension.swift */ = {isa = PBXFileReference; lastKnownFileType = sourcecode.swift; path = DataRequestExtension.swift; sourceTree = "<group>"; };
		AD4FEF7D27BE75B600DF84C4 /* ArticleDetail.swift */ = {isa = PBXFileReference; lastKnownFileType = sourcecode.swift; path = ArticleDetail.swift; sourceTree = "<group>"; };
		AD4FEF7F27BE75CF00DF84C4 /* WebView.swift */ = {isa = PBXFileReference; lastKnownFileType = sourcecode.swift; path = WebView.swift; sourceTree = "<group>"; };
		AD7B76AF27AE205B0016FA9E /* NewsApp.app */ = {isa = PBXFileReference; explicitFileType = wrapper.application; includeInIndex = 0; path = NewsApp.app; sourceTree = BUILT_PRODUCTS_DIR; };
		AD7B76B227AE205B0016FA9E /* NewsApp.swift */ = {isa = PBXFileReference; lastKnownFileType = sourcecode.swift; path = NewsApp.swift; sourceTree = "<group>"; };
		AD7B76B427AE205B0016FA9E /* MainView.swift */ = {isa = PBXFileReference; lastKnownFileType = sourcecode.swift; path = MainView.swift; sourceTree = "<group>"; };
		AD7B76B627AE205D0016FA9E /* Assets.xcassets */ = {isa = PBXFileReference; lastKnownFileType = folder.assetcatalog; path = Assets.xcassets; sourceTree = "<group>"; };
		AD7B76B927AE205D0016FA9E /* Preview Assets.xcassets */ = {isa = PBXFileReference; lastKnownFileType = folder.assetcatalog; path = "Preview Assets.xcassets"; sourceTree = "<group>"; };
		AD7B76BF27AE205D0016FA9E /* NewsAppTests.xctest */ = {isa = PBXFileReference; explicitFileType = wrapper.cfbundle; includeInIndex = 0; path = NewsAppTests.xctest; sourceTree = BUILT_PRODUCTS_DIR; };
		AD7B76C327AE205D0016FA9E /* NewsAppTests.swift */ = {isa = PBXFileReference; lastKnownFileType = sourcecode.swift; path = NewsAppTests.swift; sourceTree = "<group>"; };
		AD7B76C927AE205D0016FA9E /* NewsAppUITests.xctest */ = {isa = PBXFileReference; explicitFileType = wrapper.cfbundle; includeInIndex = 0; path = NewsAppUITests.xctest; sourceTree = BUILT_PRODUCTS_DIR; };
		AD7B76CD27AE205D0016FA9E /* NewsAppUITests.swift */ = {isa = PBXFileReference; lastKnownFileType = sourcecode.swift; path = NewsAppUITests.swift; sourceTree = "<group>"; };
		AD7B76CF27AE205D0016FA9E /* NewsAppUITestsLaunchTests.swift */ = {isa = PBXFileReference; lastKnownFileType = sourcecode.swift; path = NewsAppUITestsLaunchTests.swift; sourceTree = "<group>"; };
		AD7B76DE27AE20C90016FA9E /* StudyPage.swift */ = {isa = PBXFileReference; lastKnownFileType = sourcecode.swift; path = StudyPage.swift; sourceTree = "<group>"; };
		AD7B76E027AE20E60016FA9E /* TaskPage.swift */ = {isa = PBXFileReference; lastKnownFileType = sourcecode.swift; path = TaskPage.swift; sourceTree = "<group>"; };
		AD7B76E227AE20F40016FA9E /* ProfilePage.swift */ = {isa = PBXFileReference; lastKnownFileType = sourcecode.swift; path = ProfilePage.swift; sourceTree = "<group>"; };
		AD7B76E527AE43E00016FA9E /* AppBarModifier.swift */ = {isa = PBXFileReference; lastKnownFileType = sourcecode.swift; path = AppBarModifier.swift; sourceTree = "<group>"; };
		AD7B76E827AE46B30016FA9E /* TabBarView.swift */ = {isa = PBXFileReference; lastKnownFileType = sourcecode.swift; path = TabBarView.swift; sourceTree = "<group>"; };
		AD7B76EA27AEA7520016FA9E /* CarouselView.swift */ = {isa = PBXFileReference; lastKnownFileType = sourcecode.swift; path = CarouselView.swift; sourceTree = "<group>"; };
		AD7B76EE27AFAC0B0016FA9E /* Swiper.swift */ = {isa = PBXFileReference; lastKnownFileType = sourcecode.swift; path = Swiper.swift; sourceTree = "<group>"; };
		AD7B76F027AFAC2E0016FA9E /* SwiperControl.swift */ = {isa = PBXFileReference; lastKnownFileType = sourcecode.swift; path = SwiperControl.swift; sourceTree = "<group>"; };
		AD7B76F227AFAC510016FA9E /* SwiperView.swift */ = {isa = PBXFileReference; lastKnownFileType = sourcecode.swift; path = SwiperView.swift; sourceTree = "<group>"; };
		AD7B76F427AFB3720016FA9E /* ArticleListView.swift */ = {isa = PBXFileReference; lastKnownFileType = sourcecode.swift; path = ArticleListView.swift; sourceTree = "<group>"; };
		AD7B76F827AFB44B0016FA9E /* Article.swift */ = {isa = PBXFileReference; lastKnownFileType = sourcecode.swift; path = Article.swift; sourceTree = "<group>"; };
		AD7B76FA27AFBA2B0016FA9E /* VideoListView.swift */ = {isa = PBXFileReference; lastKnownFileType = sourcecode.swift; path = VideoListView.swift; sourceTree = "<group>"; };
		AD7B76FC27AFBD6E0016FA9E /* VideoModel.swift */ = {isa = PBXFileReference; lastKnownFileType = sourcecode.swift; path = VideoModel.swift; sourceTree = "<group>"; };
		AD7B76FE27B20DE80016FA9E /* AsyncImage.swift */ = {isa = PBXFileReference; lastKnownFileType = sourcecode.swift; path = AsyncImage.swift; sourceTree = "<group>"; };
		AD7B770027B21C210016FA9E /* Info.plist */ = {isa = PBXFileReference; lastKnownFileType = text.plist; path = Info.plist; sourceTree = "<group>"; };
		AD7B770127B254280016FA9E /* OverView.swift */ = {isa = PBXFileReference; lastKnownFileType = sourcecode.swift; path = OverView.swift; sourceTree = "<group>"; };
		AD7B770427B2B1A90016FA9E /* SizePreferenceKey.swift */ = {isa = PBXFileReference; lastKnownFileType = sourcecode.swift; path = SizePreferenceKey.swift; sourceTree = "<group>"; };
		AD7B770627B2B2AD0016FA9E /* MeasureSizeModifier.swift */ = {isa = PBXFileReference; lastKnownFileType = sourcecode.swift; path = MeasureSizeModifier.swift; sourceTree = "<group>"; };
		AD7B770827B2BABF0016FA9E /* RoundedCorners.swift */ = {isa = PBXFileReference; lastKnownFileType = sourcecode.swift; path = RoundedCorners.swift; sourceTree = "<group>"; };
		AD7B770A27B3542C0016FA9E /* ChartView.swift */ = {isa = PBXFileReference; lastKnownFileType = sourcecode.swift; path = ChartView.swift; sourceTree = "<group>"; };
		AD7B770C27B398750016FA9E /* LineChartModifier.swift */ = {isa = PBXFileReference; lastKnownFileType = sourcecode.swift; path = LineChartModifier.swift; sourceTree = "<group>"; };
		AD7B770E27B3AC9C0016FA9E /* DailyTaskView.swift */ = {isa = PBXFileReference; lastKnownFileType = sourcecode.swift; path = DailyTaskView.swift; sourceTree = "<group>"; };
		AD7B771027B3B2320016FA9E /* ItemView.swift */ = {isa = PBXFileReference; lastKnownFileType = sourcecode.swift; path = ItemView.swift; sourceTree = "<group>"; };
		AD7CEA2827B540F2001EF61E /* Alamofire-5.5.0 */ = {isa = PBXFileReference; lastKnownFileType = wrapper; path = "Alamofire-5.5.0"; sourceTree = "<group>"; };
		AD8ACDD927B4E529003A9D0A /* CategoryViewModel.swift */ = {isa = PBXFileReference; lastKnownFileType = sourcecode.swift; path = CategoryViewModel.swift; sourceTree = "<group>"; };
		ADC9A48F27BE8A9300BDA148 /* HiddenNavigationBarModifier.swift */ = {isa = PBXFileReference; lastKnownFileType = sourcecode.swift; path = HiddenNavigationBarModifier.swift; sourceTree = "<group>"; };
		ADDD561627BD2F8E0099F4F2 /* ArticleService.swift */ = {isa = PBXFileReference; lastKnownFileType = sourcecode.swift; path = ArticleService.swift; sourceTree = "<group>"; };
		ADDD561827BD31540099F4F2 /* ArticleViewModel.swift */ = {isa = PBXFileReference; lastKnownFileType = sourcecode.swift; path = ArticleViewModel.swift; sourceTree = "<group>"; };
		ADDD561A27BD3A060099F4F2 /* ArrayExtension.swift */ = {isa = PBXFileReference; lastKnownFileType = sourcecode.swift; path = ArrayExtension.swift; sourceTree = "<group>"; };
/* End PBXFileReference section */

/* Begin PBXFrameworksBuildPhase section */
		AD7B76AC27AE205B0016FA9E /* Frameworks */ = {
			isa = PBXFrameworksBuildPhase;
			buildActionMask = 2147483647;
			files = (
				AD7ABA7027B5432B00C49EED /* Alamofire in Frameworks */,
			);
			runOnlyForDeploymentPostprocessing = 0;
		};
		AD7B76BC27AE205D0016FA9E /* Frameworks */ = {
			isa = PBXFrameworksBuildPhase;
			buildActionMask = 2147483647;
			files = (
			);
			runOnlyForDeploymentPostprocessing = 0;
		};
		AD7B76C627AE205D0016FA9E /* Frameworks */ = {
			isa = PBXFrameworksBuildPhase;
			buildActionMask = 2147483647;
			files = (
			);
			runOnlyForDeploymentPostprocessing = 0;
		};
/* End PBXFrameworksBuildPhase section */

/* Begin PBXGroup section */
		AD41C76C27B4BC9700051F91 /* Service */ = {
			isa = PBXGroup;
			children = (
				AD41C76D27B4BCB800051F91 /* CategoryService.swift */,
				ADDD561627BD2F8E0099F4F2 /* ArticleService.swift */,
			);
			path = Service;
			sourceTree = "<group>";
		};
		AD41C77327B4C2CC00051F91 /* Extensions */ = {
			isa = PBXGroup;
			children = (
				AD41C77427B4C2F800051F91 /* DataRequestExtension.swift */,
				ADDD561A27BD3A060099F4F2 /* ArrayExtension.swift */,
			);
			path = Extensions;
			sourceTree = "<group>";
		};
		AD7B76A627AE205B0016FA9E = {
			isa = PBXGroup;
			children = (
				AD7CEA2727B540F2001EF61E /* Packages */,
				AD7B76B127AE205B0016FA9E /* NewsApp */,
				AD7B76C227AE205D0016FA9E /* NewsAppTests */,
				AD7B76CC27AE205D0016FA9E /* NewsAppUITests */,
				AD7B76B027AE205B0016FA9E /* Products */,
				AD7CEA2927B540FF001EF61E /* Frameworks */,
			);
			sourceTree = "<group>";
		};
		AD7B76B027AE205B0016FA9E /* Products */ = {
			isa = PBXGroup;
			children = (
				AD7B76AF27AE205B0016FA9E /* NewsApp.app */,
				AD7B76BF27AE205D0016FA9E /* NewsAppTests.xctest */,
				AD7B76C927AE205D0016FA9E /* NewsAppUITests.xctest */,
			);
			name = Products;
			sourceTree = "<group>";
		};
		AD7B76B127AE205B0016FA9E /* NewsApp */ = {
			isa = PBXGroup;
			children = (
				AD7B770027B21C210016FA9E /* Info.plist */,
				AD7B76B227AE205B0016FA9E /* NewsApp.swift */,
				AD7B76B427AE205B0016FA9E /* MainView.swift */,
				AD41C77327B4C2CC00051F91 /* Extensions */,
				AD8ACDD827B4E502003A9D0A /* ViewModel */,
				AD7B770327B2B1720016FA9E /* PreferenceKey */,
				AD7B76F627AFB4180016FA9E /* Model */,
				AD7B76DC27AE20A80016FA9E /* Module */,
				AD7B76B627AE205D0016FA9E /* Assets.xcassets */,
				AD7B76B827AE205D0016FA9E /* Preview Content */,
			);
			path = NewsApp;
			sourceTree = "<group>";
		};
		AD7B76B827AE205D0016FA9E /* Preview Content */ = {
			isa = PBXGroup;
			children = (
				AD7B76B927AE205D0016FA9E /* Preview Assets.xcassets */,
			);
			path = "Preview Content";
			sourceTree = "<group>";
		};
		AD7B76C227AE205D0016FA9E /* NewsAppTests */ = {
			isa = PBXGroup;
			children = (
				AD7B76C327AE205D0016FA9E /* NewsAppTests.swift */,
			);
			path = NewsAppTests;
			sourceTree = "<group>";
		};
		AD7B76CC27AE205D0016FA9E /* NewsAppUITests */ = {
			isa = PBXGroup;
			children = (
				AD7B76CD27AE205D0016FA9E /* NewsAppUITests.swift */,
				AD7B76CF27AE205D0016FA9E /* NewsAppUITestsLaunchTests.swift */,
			);
			path = NewsAppUITests;
			sourceTree = "<group>";
		};
		AD7B76DC27AE20A80016FA9E /* Module */ = {
			isa = PBXGroup;
			children = (
				AD7B76E727AE46860016FA9E /* Views */,
				AD7B76E427AE431B0016FA9E /* Modifiers */,
				AD7B76DD27AE20B40016FA9E /* Pages */,
			);
			path = Module;
			sourceTree = "<group>";
		};
		AD7B76DD27AE20B40016FA9E /* Pages */ = {
			isa = PBXGroup;
			children = (
				AD7B76DE27AE20C90016FA9E /* StudyPage.swift */,
				AD7B76E027AE20E60016FA9E /* TaskPage.swift */,
				AD7B76E227AE20F40016FA9E /* ProfilePage.swift */,
				AD4FEF7D27BE75B600DF84C4 /* ArticleDetail.swift */,
			);
			path = Pages;
			sourceTree = "<group>";
		};
		AD7B76E427AE431B0016FA9E /* Modifiers */ = {
			isa = PBXGroup;
			children = (
				AD7B76E527AE43E00016FA9E /* AppBarModifier.swift */,
				AD7B770627B2B2AD0016FA9E /* MeasureSizeModifier.swift */,
				AD7B770C27B398750016FA9E /* LineChartModifier.swift */,
				ADC9A48F27BE8A9300BDA148 /* HiddenNavigationBarModifier.swift */,
			);
			path = Modifiers;
			sourceTree = "<group>";
		};
		AD7B76E727AE46860016FA9E /* Views */ = {
			isa = PBXGroup;
			children = (
				AD7B76E827AE46B30016FA9E /* TabBarView.swift */,
				AD7B76EA27AEA7520016FA9E /* CarouselView.swift */,
				AD7B76EE27AFAC0B0016FA9E /* Swiper.swift */,
				AD7B76F027AFAC2E0016FA9E /* SwiperControl.swift */,
				AD7B76F227AFAC510016FA9E /* SwiperView.swift */,
				AD7B76FE27B20DE80016FA9E /* AsyncImage.swift */,
				AD7B76F427AFB3720016FA9E /* ArticleListView.swift */,
				AD7B770A27B3542C0016FA9E /* ChartView.swift */,
				AD7B770E27B3AC9C0016FA9E /* DailyTaskView.swift */,
				AD7B76FA27AFBA2B0016FA9E /* VideoListView.swift */,
				AD7B770127B254280016FA9E /* OverView.swift */,
				AD7B771027B3B2320016FA9E /* ItemView.swift */,
				AD7B770827B2BABF0016FA9E /* RoundedCorners.swift */,
				AD4FEF7F27BE75CF00DF84C4 /* WebView.swift */,
			);
			path = Views;
			sourceTree = "<group>";
		};
		AD7B76F627AFB4180016FA9E /* Model */ = {
			isa = PBXGroup;
			children = (
				AD41C76C27B4BC9700051F91 /* Service */,
				AD7B76F727AFB4340016FA9E /* Entity */,
				AD41C77127B4C20E00051F91 /* Typealias.swift */,
			);
			path = Model;
			sourceTree = "<group>";
		};
		AD7B76F727AFB4340016FA9E /* Entity */ = {
			isa = PBXGroup;
			children = (
				AD7B76F827AFB44B0016FA9E /* Article.swift */,
				AD7B76FC27AFBD6E0016FA9E /* VideoModel.swift */,
				AD41C76827B4BB8F00051F91 /* Category.swift */,
				AD41C76A27B4BBB900051F91 /* Response.swift */,
			);
			path = Entity;
			sourceTree = "<group>";
		};
		AD7B770327B2B1720016FA9E /* PreferenceKey */ = {
			isa = PBXGroup;
			children = (
				AD7B770427B2B1A90016FA9E /* SizePreferenceKey.swift */,
			);
			path = PreferenceKey;
			sourceTree = "<group>";
		};
		AD7CEA2727B540F2001EF61E /* Packages */ = {
			isa = PBXGroup;
			children = (
				AD7CEA2827B540F2001EF61E /* Alamofire-5.5.0 */,
			);
			name = Packages;
			sourceTree = "<group>";
		};
		AD7CEA2927B540FF001EF61E /* Frameworks */ = {
			isa = PBXGroup;
			children = (
			);
			name = Frameworks;
			sourceTree = "<group>";
		};
		AD8ACDD827B4E502003A9D0A /* ViewModel */ = {
			isa = PBXGroup;
			children = (
				AD8ACDD927B4E529003A9D0A /* CategoryViewModel.swift */,
				ADDD561827BD31540099F4F2 /* ArticleViewModel.swift */,
			);
			path = ViewModel;
			sourceTree = "<group>";
		};
/* End PBXGroup section */

/* Begin PBXNativeTarget section */
		AD7B76AE27AE205B0016FA9E /* NewsApp */ = {
			isa = PBXNativeTarget;
			buildConfigurationList = AD7B76D327AE205D0016FA9E /* Build configuration list for PBXNativeTarget "NewsApp" */;
			buildPhases = (
				AD7B76AB27AE205B0016FA9E /* Sources */,
				AD7B76AC27AE205B0016FA9E /* Frameworks */,
				AD7B76AD27AE205B0016FA9E /* Resources */,
			);
			buildRules = (
			);
			dependencies = (
			);
			name = NewsApp;
			packageProductDependencies = (
				AD7ABA6F27B5432B00C49EED /* Alamofire */,
			);
			productName = NewsApp;
			productReference = AD7B76AF27AE205B0016FA9E /* NewsApp.app */;
			productType = "com.apple.product-type.application";
		};
		AD7B76BE27AE205D0016FA9E /* NewsAppTests */ = {
			isa = PBXNativeTarget;
			buildConfigurationList = AD7B76D627AE205D0016FA9E /* Build configuration list for PBXNativeTarget "NewsAppTests" */;
			buildPhases = (
				AD7B76BB27AE205D0016FA9E /* Sources */,
				AD7B76BC27AE205D0016FA9E /* Frameworks */,
				AD7B76BD27AE205D0016FA9E /* Resources */,
			);
			buildRules = (
			);
			dependencies = (
				AD7B76C127AE205D0016FA9E /* PBXTargetDependency */,
			);
			name = NewsAppTests;
			productName = NewsAppTests;
			productReference = AD7B76BF27AE205D0016FA9E /* NewsAppTests.xctest */;
			productType = "com.apple.product-type.bundle.unit-test";
		};
		AD7B76C827AE205D0016FA9E /* NewsAppUITests */ = {
			isa = PBXNativeTarget;
			buildConfigurationList = AD7B76D927AE205D0016FA9E /* Build configuration list for PBXNativeTarget "NewsAppUITests" */;
			buildPhases = (
				AD7B76C527AE205D0016FA9E /* Sources */,
				AD7B76C627AE205D0016FA9E /* Frameworks */,
				AD7B76C727AE205D0016FA9E /* Resources */,
			);
			buildRules = (
			);
			dependencies = (
				AD7B76CB27AE205D0016FA9E /* PBXTargetDependency */,
			);
			name = NewsAppUITests;
			productName = NewsAppUITests;
			productReference = AD7B76C927AE205D0016FA9E /* NewsAppUITests.xctest */;
			productType = "com.apple.product-type.bundle.ui-testing";
		};
/* End PBXNativeTarget section */

/* Begin PBXProject section */
		AD7B76A727AE205B0016FA9E /* Project object */ = {
			isa = PBXProject;
			attributes = {
				BuildIndependentTargetsInParallel = YES;
				LastSwiftUpdateCheck = 1320;
				LastUpgradeCheck = 1320;
				TargetAttributes = {
					AD7B76AE27AE205B0016FA9E = {
						CreatedOnToolsVersion = 13.2.1;
					};
					AD7B76BE27AE205D0016FA9E = {
						CreatedOnToolsVersion = 13.2.1;
						TestTargetID = AD7B76AE27AE205B0016FA9E;
					};
					AD7B76C827AE205D0016FA9E = {
						CreatedOnToolsVersion = 13.2.1;
						TestTargetID = AD7B76AE27AE205B0016FA9E;
					};
				};
			};
			buildConfigurationList = AD7B76AA27AE205B0016FA9E /* Build configuration list for PBXProject "NewsApp" */;
			compatibilityVersion = "Xcode 13.0";
			developmentRegion = en;
			hasScannedForEncodings = 0;
			knownRegions = (
				en,
				Base,
			);
			mainGroup = AD7B76A627AE205B0016FA9E;
			productRefGroup = AD7B76B027AE205B0016FA9E /* Products */;
			projectDirPath = "";
			projectRoot = "";
			targets = (
				AD7B76AE27AE205B0016FA9E /* NewsApp */,
				AD7B76BE27AE205D0016FA9E /* NewsAppTests */,
				AD7B76C827AE205D0016FA9E /* NewsAppUITests */,
			);
		};
/* End PBXProject section */

/* Begin PBXResourcesBuildPhase section */
		AD7B76AD27AE205B0016FA9E /* Resources */ = {
			isa = PBXResourcesBuildPhase;
			buildActionMask = 2147483647;
			files = (
				AD7B76BA27AE205D0016FA9E /* Preview Assets.xcassets in Resources */,
				AD7B76B727AE205D0016FA9E /* Assets.xcassets in Resources */,
			);
			runOnlyForDeploymentPostprocessing = 0;
		};
		AD7B76BD27AE205D0016FA9E /* Resources */ = {
			isa = PBXResourcesBuildPhase;
			buildActionMask = 2147483647;
			files = (
			);
			runOnlyForDeploymentPostprocessing = 0;
		};
		AD7B76C727AE205D0016FA9E /* Resources */ = {
			isa = PBXResourcesBuildPhase;
			buildActionMask = 2147483647;
			files = (
			);
			runOnlyForDeploymentPostprocessing = 0;
		};
/* End PBXResourcesBuildPhase section */

/* Begin PBXSourcesBuildPhase section */
		AD7B76AB27AE205B0016FA9E /* Sources */ = {
			isa = PBXSourcesBuildPhase;
			buildActionMask = 2147483647;
			files = (
				AD7B770927B2BABF0016FA9E /* RoundedCorners.swift in Sources */,
				AD4FEF7E27BE75B600DF84C4 /* ArticleDetail.swift in Sources */,
				ADDD561927BD31540099F4F2 /* ArticleViewModel.swift in Sources */,
				AD7B770227B254280016FA9E /* OverView.swift in Sources */,
				AD7B76F927AFB44B0016FA9E /* Article.swift in Sources */,
				AD41C76E27B4BCB800051F91 /* CategoryService.swift in Sources */,
				AD4FEF8027BE75CF00DF84C4 /* WebView.swift in Sources */,
				ADC9A49027BE8A9300BDA148 /* HiddenNavigationBarModifier.swift in Sources */,
				AD7B76EB27AEA7520016FA9E /* CarouselView.swift in Sources */,
				AD7B76FB27AFBA2B0016FA9E /* VideoListView.swift in Sources */,
				AD41C77227B4C20E00051F91 /* Typealias.swift in Sources */,
				AD7B76B527AE205B0016FA9E /* MainView.swift in Sources */,
				AD41C76B27B4BBB900051F91 /* Response.swift in Sources */,
				AD7B76E127AE20E60016FA9E /* TaskPage.swift in Sources */,
				AD41C77527B4C2F800051F91 /* DataRequestExtension.swift in Sources */,
				AD7B770D27B398760016FA9E /* LineChartModifier.swift in Sources */,
				AD7B76F327AFAC510016FA9E /* SwiperView.swift in Sources */,
				AD7B76E927AE46B30016FA9E /* TabBarView.swift in Sources */,
				AD7B76E627AE43E00016FA9E /* AppBarModifier.swift in Sources */,
				AD7B76E327AE20F40016FA9E /* ProfilePage.swift in Sources */,
				ADDD561727BD2F8E0099F4F2 /* ArticleService.swift in Sources */,
				AD7B770F27B3AC9C0016FA9E /* DailyTaskView.swift in Sources */,
				AD7B76F527AFB3720016FA9E /* ArticleListView.swift in Sources */,
				AD7B770527B2B1A90016FA9E /* SizePreferenceKey.swift in Sources */,
				ADDD561B27BD3A060099F4F2 /* ArrayExtension.swift in Sources */,
				AD7B76EF27AFAC0B0016FA9E /* Swiper.swift in Sources */,
				AD41C76927B4BB8F00051F91 /* Category.swift in Sources */,
				AD7B76F127AFAC2E0016FA9E /* SwiperControl.swift in Sources */,
				AD8ACDDA27B4E529003A9D0A /* CategoryViewModel.swift in Sources */,
				AD7B76FF27B20DE80016FA9E /* AsyncImage.swift in Sources */,
				AD7B76B327AE205B0016FA9E /* NewsApp.swift in Sources */,
				AD7B771127B3B2320016FA9E /* ItemView.swift in Sources */,
				AD7B770B27B3542C0016FA9E /* ChartView.swift in Sources */,
				AD7B76FD27AFBD6E0016FA9E /* VideoModel.swift in Sources */,
				AD7B76DF27AE20C90016FA9E /* StudyPage.swift in Sources */,
				AD7B770727B2B2AD0016FA9E /* MeasureSizeModifier.swift in Sources */,
			);
			runOnlyForDeploymentPostprocessing = 0;
		};
		AD7B76BB27AE205D0016FA9E /* Sources */ = {
			isa = PBXSourcesBuildPhase;
			buildActionMask = 2147483647;
			files = (
				AD7B76C427AE205D0016FA9E /* NewsAppTests.swift in Sources */,
			);
			runOnlyForDeploymentPostprocessing = 0;
		};
		AD7B76C527AE205D0016FA9E /* Sources */ = {
			isa = PBXSourcesBuildPhase;
			buildActionMask = 2147483647;
			files = (
				AD7B76CE27AE205D0016FA9E /* NewsAppUITests.swift in Sources */,
				AD7B76D027AE205D0016FA9E /* NewsAppUITestsLaunchTests.swift in Sources */,
			);
			runOnlyForDeploymentPostprocessing = 0;
		};
/* End PBXSourcesBuildPhase section */

/* Begin PBXTargetDependency section */
		AD7B76C127AE205D0016FA9E /* PBXTargetDependency */ = {
			isa = PBXTargetDependency;
			target = AD7B76AE27AE205B0016FA9E /* NewsApp */;
			targetProxy = AD7B76C027AE205D0016FA9E /* PBXContainerItemProxy */;
		};
		AD7B76CB27AE205D0016FA9E /* PBXTargetDependency */ = {
			isa = PBXTargetDependency;
			target = AD7B76AE27AE205B0016FA9E /* NewsApp */;
			targetProxy = AD7B76CA27AE205D0016FA9E /* PBXContainerItemProxy */;
		};
/* End PBXTargetDependency section */

/* Begin XCBuildConfiguration section */
		AD7B76D127AE205D0016FA9E /* Debug */ = {
			isa = XCBuildConfiguration;
			buildSettings = {
				ALWAYS_SEARCH_USER_PATHS = NO;
				CLANG_ANALYZER_NONNULL = YES;
				CLANG_ANALYZER_NUMBER_OBJECT_CONVERSION = YES_AGGRESSIVE;
				CLANG_CXX_LANGUAGE_STANDARD = "gnu++17";
				CLANG_CXX_LIBRARY = "libc++";
				CLANG_ENABLE_MODULES = YES;
				CLANG_ENABLE_OBJC_ARC = YES;
				CLANG_ENABLE_OBJC_WEAK = YES;
				CLANG_WARN_BLOCK_CAPTURE_AUTORELEASING = YES;
				CLANG_WARN_BOOL_CONVERSION = YES;
				CLANG_WARN_COMMA = YES;
				CLANG_WARN_CONSTANT_CONVERSION = YES;
				CLANG_WARN_DEPRECATED_OBJC_IMPLEMENTATIONS = YES;
				CLANG_WARN_DIRECT_OBJC_ISA_USAGE = YES_ERROR;
				CLANG_WARN_DOCUMENTATION_COMMENTS = YES;
				CLANG_WARN_EMPTY_BODY = YES;
				CLANG_WARN_ENUM_CONVERSION = YES;
				CLANG_WARN_INFINITE_RECURSION = YES;
				CLANG_WARN_INT_CONVERSION = YES;
				CLANG_WARN_NON_LITERAL_NULL_CONVERSION = YES;
				CLANG_WARN_OBJC_IMPLICIT_RETAIN_SELF = YES;
				CLANG_WARN_OBJC_LITERAL_CONVERSION = YES;
				CLANG_WARN_OBJC_ROOT_CLASS = YES_ERROR;
				CLANG_WARN_QUOTED_INCLUDE_IN_FRAMEWORK_HEADER = YES;
				CLANG_WARN_RANGE_LOOP_ANALYSIS = YES;
				CLANG_WARN_STRICT_PROTOTYPES = YES;
				CLANG_WARN_SUSPICIOUS_MOVE = YES;
				CLANG_WARN_UNGUARDED_AVAILABILITY = YES_AGGRESSIVE;
				CLANG_WARN_UNREACHABLE_CODE = YES;
				CLANG_WARN__DUPLICATE_METHOD_MATCH = YES;
				COPY_PHASE_STRIP = NO;
				DEBUG_INFORMATION_FORMAT = dwarf;
				ENABLE_STRICT_OBJC_MSGSEND = YES;
				ENABLE_TESTABILITY = YES;
				GCC_C_LANGUAGE_STANDARD = gnu11;
				GCC_DYNAMIC_NO_PIC = NO;
				GCC_NO_COMMON_BLOCKS = YES;
				GCC_OPTIMIZATION_LEVEL = 0;
				GCC_PREPROCESSOR_DEFINITIONS = (
					"DEBUG=1",
					"$(inherited)",
				);
				GCC_WARN_64_TO_32_BIT_CONVERSION = YES;
				GCC_WARN_ABOUT_RETURN_TYPE = YES_ERROR;
				GCC_WARN_UNDECLARED_SELECTOR = YES;
				GCC_WARN_UNINITIALIZED_AUTOS = YES_AGGRESSIVE;
				GCC_WARN_UNUSED_FUNCTION = YES;
				GCC_WARN_UNUSED_VARIABLE = YES;
				IPHONEOS_DEPLOYMENT_TARGET = 15.2;
				MTL_ENABLE_DEBUG_INFO = INCLUDE_SOURCE;
				MTL_FAST_MATH = YES;
				ONLY_ACTIVE_ARCH = YES;
				SDKROOT = iphoneos;
				SWIFT_ACTIVE_COMPILATION_CONDITIONS = DEBUG;
				SWIFT_OPTIMIZATION_LEVEL = "-Onone";
			};
			name = Debug;
		};
		AD7B76D227AE205D0016FA9E /* Release */ = {
			isa = XCBuildConfiguration;
			buildSettings = {
				ALWAYS_SEARCH_USER_PATHS = NO;
				CLANG_ANALYZER_NONNULL = YES;
				CLANG_ANALYZER_NUMBER_OBJECT_CONVERSION = YES_AGGRESSIVE;
				CLANG_CXX_LANGUAGE_STANDARD = "gnu++17";
				CLANG_CXX_LIBRARY = "libc++";
				CLANG_ENABLE_MODULES = YES;
				CLANG_ENABLE_OBJC_ARC = YES;
				CLANG_ENABLE_OBJC_WEAK = YES;
				CLANG_WARN_BLOCK_CAPTURE_AUTORELEASING = YES;
				CLANG_WARN_BOOL_CONVERSION = YES;
				CLANG_WARN_COMMA = YES;
				CLANG_WARN_CONSTANT_CONVERSION = YES;
				CLANG_WARN_DEPRECATED_OBJC_IMPLEMENTATIONS = YES;
				CLANG_WARN_DIRECT_OBJC_ISA_USAGE = YES_ERROR;
				CLANG_WARN_DOCUMENTATION_COMMENTS = YES;
				CLANG_WARN_EMPTY_BODY = YES;
				CLANG_WARN_ENUM_CONVERSION = YES;
				CLANG_WARN_INFINITE_RECURSION = YES;
				CLANG_WARN_INT_CONVERSION = YES;
				CLANG_WARN_NON_LITERAL_NULL_CONVERSION = YES;
				CLANG_WARN_OBJC_IMPLICIT_RETAIN_SELF = YES;
				CLANG_WARN_OBJC_LITERAL_CONVERSION = YES;
				CLANG_WARN_OBJC_ROOT_CLASS = YES_ERROR;
				CLANG_WARN_QUOTED_INCLUDE_IN_FRAMEWORK_HEADER = YES;
				CLANG_WARN_RANGE_LOOP_ANALYSIS = YES;
				CLANG_WARN_STRICT_PROTOTYPES = YES;
				CLANG_WARN_SUSPICIOUS_MOVE = YES;
				CLANG_WARN_UNGUARDED_AVAILABILITY = YES_AGGRESSIVE;
				CLANG_WARN_UNREACHABLE_CODE = YES;
				CLANG_WARN__DUPLICATE_METHOD_MATCH = YES;
				COPY_PHASE_STRIP = NO;
				DEBUG_INFORMATION_FORMAT = "dwarf-with-dsym";
				ENABLE_NS_ASSERTIONS = NO;
				ENABLE_STRICT_OBJC_MSGSEND = YES;
				GCC_C_LANGUAGE_STANDARD = gnu11;
				GCC_NO_COMMON_BLOCKS = YES;
				GCC_WARN_64_TO_32_BIT_CONVERSION = YES;
				GCC_WARN_ABOUT_RETURN_TYPE = YES_ERROR;
				GCC_WARN_UNDECLARED_SELECTOR = YES;
				GCC_WARN_UNINITIALIZED_AUTOS = YES_AGGRESSIVE;
				GCC_WARN_UNUSED_FUNCTION = YES;
				GCC_WARN_UNUSED_VARIABLE = YES;
				IPHONEOS_DEPLOYMENT_TARGET = 15.2;
				MTL_ENABLE_DEBUG_INFO = NO;
				MTL_FAST_MATH = YES;
				SDKROOT = iphoneos;
				SWIFT_COMPILATION_MODE = wholemodule;
				SWIFT_OPTIMIZATION_LEVEL = "-O";
				VALIDATE_PRODUCT = YES;
			};
			name = Release;
		};
		AD7B76D427AE205D0016FA9E /* Debug */ = {
			isa = XCBuildConfiguration;
			buildSettings = {
				ASSETCATALOG_COMPILER_APPICON_NAME = AppIcon;
				ASSETCATALOG_COMPILER_GLOBAL_ACCENT_COLOR_NAME = AccentColor;
				CODE_SIGN_STYLE = Automatic;
				CURRENT_PROJECT_VERSION = 1;
				DEVELOPMENT_ASSET_PATHS = "\"NewsApp/Preview Content\"";
				DEVELOPMENT_TEAM = YM9U6GJ233;
				ENABLE_PREVIEWS = YES;
				GENERATE_INFOPLIST_FILE = YES;
				INFOPLIST_FILE = NewsApp/Info.plist;
				INFOPLIST_KEY_UIApplicationSceneManifest_Generation = YES;
				INFOPLIST_KEY_UIApplicationSupportsIndirectInputEvents = YES;
				INFOPLIST_KEY_UILaunchScreen_Generation = YES;
				INFOPLIST_KEY_UISupportedInterfaceOrientations = UIInterfaceOrientationPortrait;
				INFOPLIST_KEY_UISupportedInterfaceOrientations_iPad = "UIInterfaceOrientationPortrait UIInterfaceOrientationPortraitUpsideDown UIInterfaceOrientationLandscapeLeft UIInterfaceOrientationLandscapeRight";
				INFOPLIST_KEY_UISupportedInterfaceOrientations_iPhone = "UIInterfaceOrientationPortrait UIInterfaceOrientationLandscapeLeft UIInterfaceOrientationLandscapeRight";
				LD_RUNPATH_SEARCH_PATHS = (
					"$(inherited)",
					"@executable_path/Frameworks",
				);
				MARKETING_VERSION = 1.0;
				PRODUCT_BUNDLE_IDENTIFIER = com.derekchan.NewsApp;
				PRODUCT_NAME = "$(TARGET_NAME)";
				SWIFT_EMIT_LOC_STRINGS = YES;
				SWIFT_ENABLE_BATCH_MODE = NO;
				SWIFT_VERSION = 5.0;
				TARGETED_DEVICE_FAMILY = 1;
			};
			name = Debug;
		};
		AD7B76D527AE205D0016FA9E /* Release */ = {
			isa = XCBuildConfiguration;
			buildSettings = {
				ASSETCATALOG_COMPILER_APPICON_NAME = AppIcon;
				ASSETCATALOG_COMPILER_GLOBAL_ACCENT_COLOR_NAME = AccentColor;
				CODE_SIGN_STYLE = Automatic;
				CURRENT_PROJECT_VERSION = 1;
				DEVELOPMENT_ASSET_PATHS = "\"NewsApp/Preview Content\"";
				DEVELOPMENT_TEAM = YM9U6GJ233;
				ENABLE_PREVIEWS = YES;
				GENERATE_INFOPLIST_FILE = YES;
				INFOPLIST_FILE = NewsApp/Info.plist;
				INFOPLIST_KEY_UIApplicationSceneManifest_Generation = YES;
				INFOPLIST_KEY_UIApplicationSupportsIndirectInputEvents = YES;
				INFOPLIST_KEY_UILaunchScreen_Generation = YES;
				INFOPLIST_KEY_UISupportedInterfaceOrientations = UIInterfaceOrientationPortrait;
				INFOPLIST_KEY_UISupportedInterfaceOrientations_iPad = "UIInterfaceOrientationPortrait UIInterfaceOrientationPortraitUpsideDown UIInterfaceOrientationLandscapeLeft UIInterfaceOrientationLandscapeRight";
				INFOPLIST_KEY_UISupportedInterfaceOrientations_iPhone = "UIInterfaceOrientationPortrait UIInterfaceOrientationLandscapeLeft UIInterfaceOrientationLandscapeRight";
				LD_RUNPATH_SEARCH_PATHS = (
					"$(inherited)",
					"@executable_path/Frameworks",
				);
				MARKETING_VERSION = 1.0;
				PRODUCT_BUNDLE_IDENTIFIER = com.derekchan.NewsApp;
				PRODUCT_NAME = "$(TARGET_NAME)";
				SWIFT_EMIT_LOC_STRINGS = YES;
				SWIFT_ENABLE_BATCH_MODE = NO;
				SWIFT_VERSION = 5.0;
				TARGETED_DEVICE_FAMILY = 1;
			};
			name = Release;
		};
		AD7B76D727AE205D0016FA9E /* Debug */ = {
			isa = XCBuildConfiguration;
			buildSettings = {
				ALWAYS_EMBED_SWIFT_STANDARD_LIBRARIES = YES;
				BUNDLE_LOADER = "$(TEST_HOST)";
				CODE_SIGN_STYLE = Automatic;
				CURRENT_PROJECT_VERSION = 1;
				DEVELOPMENT_TEAM = YM9U6GJ233;
				GENERATE_INFOPLIST_FILE = YES;
				IPHONEOS_DEPLOYMENT_TARGET = 15.2;
				MARKETING_VERSION = 1.0;
				PRODUCT_BUNDLE_IDENTIFIER = com.derekchan.NewsAppTests;
				PRODUCT_NAME = "$(TARGET_NAME)";
				SWIFT_EMIT_LOC_STRINGS = NO;
				SWIFT_VERSION = 5.0;
				TARGETED_DEVICE_FAMILY = "1,2";
				TEST_HOST = "$(BUILT_PRODUCTS_DIR)/NewsApp.app/NewsApp";
			};
			name = Debug;
		};
		AD7B76D827AE205D0016FA9E /* Release */ = {
			isa = XCBuildConfiguration;
			buildSettings = {
				ALWAYS_EMBED_SWIFT_STANDARD_LIBRARIES = YES;
				BUNDLE_LOADER = "$(TEST_HOST)";
				CODE_SIGN_STYLE = Automatic;
				CURRENT_PROJECT_VERSION = 1;
				DEVELOPMENT_TEAM = YM9U6GJ233;
				GENERATE_INFOPLIST_FILE = YES;
				IPHONEOS_DEPLOYMENT_TARGET = 15.2;
				MARKETING_VERSION = 1.0;
				PRODUCT_BUNDLE_IDENTIFIER = com.derekchan.NewsAppTests;
				PRODUCT_NAME = "$(TARGET_NAME)";
				SWIFT_EMIT_LOC_STRINGS = NO;
				SWIFT_VERSION = 5.0;
				TARGETED_DEVICE_FAMILY = "1,2";
				TEST_HOST = "$(BUILT_PRODUCTS_DIR)/NewsApp.app/NewsApp";
			};
			name = Release;
		};
		AD7B76DA27AE205D0016FA9E /* Debug */ = {
			isa = XCBuildConfiguration;
			buildSettings = {
				ALWAYS_EMBED_SWIFT_STANDARD_LIBRARIES = YES;
				CODE_SIGN_STYLE = Automatic;
				CURRENT_PROJECT_VERSION = 1;
				DEVELOPMENT_TEAM = YM9U6GJ233;
				GENERATE_INFOPLIST_FILE = YES;
				MARKETING_VERSION = 1.0;
				PRODUCT_BUNDLE_IDENTIFIER = com.derekchan.NewsAppUITests;
				PRODUCT_NAME = "$(TARGET_NAME)";
				SWIFT_EMIT_LOC_STRINGS = NO;
				SWIFT_VERSION = 5.0;
				TARGETED_DEVICE_FAMILY = "1,2";
				TEST_TARGET_NAME = NewsApp;
			};
			name = Debug;
		};
		AD7B76DB27AE205D0016FA9E /* Release */ = {
			isa = XCBuildConfiguration;
			buildSettings = {
				ALWAYS_EMBED_SWIFT_STANDARD_LIBRARIES = YES;
				CODE_SIGN_STYLE = Automatic;
				CURRENT_PROJECT_VERSION = 1;
				DEVELOPMENT_TEAM = YM9U6GJ233;
				GENERATE_INFOPLIST_FILE = YES;
				MARKETING_VERSION = 1.0;
				PRODUCT_BUNDLE_IDENTIFIER = com.derekchan.NewsAppUITests;
				PRODUCT_NAME = "$(TARGET_NAME)";
				SWIFT_EMIT_LOC_STRINGS = NO;
				SWIFT_VERSION = 5.0;
				TARGETED_DEVICE_FAMILY = "1,2";
				TEST_TARGET_NAME = NewsApp;
			};
			name = Release;
		};
/* End XCBuildConfiguration section */

/* Begin XCConfigurationList section */
		AD7B76AA27AE205B0016FA9E /* Build configuration list for PBXProject "NewsApp" */ = {
			isa = XCConfigurationList;
			buildConfigurations = (
				AD7B76D127AE205D0016FA9E /* Debug */,
				AD7B76D227AE205D0016FA9E /* Release */,
			);
			defaultConfigurationIsVisible = 0;
			defaultConfigurationName = Release;
		};
		AD7B76D327AE205D0016FA9E /* Build configuration list for PBXNativeTarget "NewsApp" */ = {
			isa = XCConfigurationList;
			buildConfigurations = (
				AD7B76D427AE205D0016FA9E /* Debug */,
				AD7B76D527AE205D0016FA9E /* Release */,
			);
			defaultConfigurationIsVisible = 0;
			defaultConfigurationName = Release;
		};
		AD7B76D627AE205D0016FA9E /* Build configuration list for PBXNativeTarget "NewsAppTests" */ = {
			isa = XCConfigurationList;
			buildConfigurations = (
				AD7B76D727AE205D0016FA9E /* Debug */,
				AD7B76D827AE205D0016FA9E /* Release */,
			);
			defaultConfigurationIsVisible = 0;
			defaultConfigurationName = Release;
		};
		AD7B76D927AE205D0016FA9E /* Build configuration list for PBXNativeTarget "NewsAppUITests" */ = {
			isa = XCConfigurationList;
			buildConfigurations = (
				AD7B76DA27AE205D0016FA9E /* Debug */,
				AD7B76DB27AE205D0016FA9E /* Release */,
			);
			defaultConfigurationIsVisible = 0;
			defaultConfigurationName = Release;
		};
/* End XCConfigurationList section */

/* Begin XCSwiftPackageProductDependency section */
		AD7ABA6F27B5432B00C49EED /* Alamofire */ = {
			isa = XCSwiftPackageProductDependency;
			productName = Alamofire;
		};
/* End XCSwiftPackageProductDependency section */
	};
	rootObject = AD7B76A727AE205B0016FA9E /* Project object */;
}
